
Microsoft Visual Studio Solution File, Format Version 12.00
# Visual Studio Version 17
VisualStudioVersion = 17.8.34330.188
MinimumVisualStudioVersion = 10.0.40219.1
Project("{FAE04EC0-301F-11D3-BF4B-00C04F79EFBC}") = "Fibonacci", "Fibonacci.csproj", "{DBDA7352-BA8A-401A-89C3-8ABD8DFD4DC1}"
EndProject
Global
	GlobalSection(SolutionConfigurationPlatforms) = preSolution
		Debug|Any CPU = Debug|Any CPU
		Release|Any CPU = Release|Any CPU
	EndGlobalSection
	GlobalSection(ProjectConfigurationPlatforms) = postSolution
		{DBDA7352-BA8A-401A-89C3-8ABD8DFD4DC1}.Debug|Any CPU.ActiveCfg = Debug|Any CPU
		{DBDA7352-BA8A-401A-89C3-8ABD8DFD4DC1}.Debug|Any CPU.Build.0 = Debug|Any CPU
		{DBDA7352-BA8A-401A-89C3-8ABD8DFD4DC1}.Release|Any CPU.ActiveCfg = Release|Any CPU
		{DBDA7352-BA8A-401A-89C3-8ABD8DFD4DC1}.Release|Any CPU.Build.0 = Release|Any CPU
	EndGlobalSection
	GlobalSection(SolutionProperties) = preSolution
		HideSolutionNode = FALSE
	EndGlobalSection
	GlobalSection(ExtensibilityGlobals) = postSolution
		SolutionGuid = {B1EEEC58-4000-4336-B824-63EE6F9BF23D}
	EndGlobalSection
EndGlobal
